<?xml version="1.0" encoding="utf-8"?>
<Project ToolsVersion="4.0" xmlns="http://schemas.microsoft.com/developer/msbuild/2003">
  <ItemGroup>
    <Filter Include="src">
      <UniqueIdentifier>{4FC737F1-C7A5-4376-A066-2A32D752A2FF}</UniqueIdentifier>
      <Extensions>cpp;c;cc;cxx;def;odl;idl;hpj;bat;asm;asmx</Extensions>
    </Filter>
    <Filter Include="src\Bot">
      <UniqueIdentifier>{2d645178-317e-44bd-9e28-5497720c56b9}</UniqueIdentifier>
    </Filter>
    <Filter Include="src\Bot\Visibles">
      <UniqueIdentifier>{af10c782-3bc1-423c-a235-e6950f8719d7}</UniqueIdentifier>
    </Filter>
    <Filter Include="src\Waypoint">
      <UniqueIdentifier>{7f4cb74e-d589-4efc-989f-f69f8f729627}</UniqueIdentifier>
    </Filter>
    <Filter Include="src\TF2">
      <UniqueIdentifier>{22828df5-eb3e-4c44-bd2d-953a97a10c58}</UniqueIdentifier>
    </Filter>
    <Filter Include="src\TF2\Entity">
      <UniqueIdentifier>{a76ad4c3-4f21-4ae2-b619-484bdf4c8cb2}</UniqueIdentifier>
    </Filter>
    <Filter Include="src\TF2\Trace">
      <UniqueIdentifier>{a2cc2aa2-66e9-42d0-bb82-2b9b473ea79d}</UniqueIdentifier>
    </Filter>
    <Filter Include="src\TF2\Class">
      <UniqueIdentifier>{0dedbbe7-d94a-44de-b7f3-ac6d20f86756}</UniqueIdentifier>
    </Filter>
    <Filter Include="src\TF2\Objectives">
      <UniqueIdentifier>{b46593c9-c1f5-45e4-a125-a99259e089fc}</UniqueIdentifier>
    </Filter>
    <Filter Include="src\Bot\Brain">
      <UniqueIdentifier>{bb1e4772-b98b-41cd-9747-86c102d2097b}</UniqueIdentifier>
    </Filter>
    <Filter Include="src\Bot\Brain\Tasks">
      <UniqueIdentifier>{929e1436-91b3-4234-9d77-80ec45bc4502}</UniqueIdentifier>
    </Filter>
    <Filter Include="src\TF2\Events">
      <UniqueIdentifier>{002650f2-a60e-47bc-b836-b932fddfae1b}</UniqueIdentifier>
    </Filter>
  </ItemGroup>
  <ItemGroup>
    <ClCompile Include="Main.cpp">
      <Filter>src</Filter>
    </ClCompile>
    <ClCompile Include="BotManager.cpp">
      <Filter>src\Bot</Filter>
    </ClCompile>
    <ClCompile Include="Bot.cpp">
      <Filter>src\Bot</Filter>
    </ClCompile>
    <ClCompile Include="Util.cpp">
      <Filter>src</Filter>
    </ClCompile>
    <ClCompile Include="WaypointNode.cpp">
      <Filter>src\Waypoint</Filter>
    </ClCompile>
    <ClCompile Include="WaypointManager.cpp">
      <Filter>src\Waypoint</Filter>
    </ClCompile>
    <ClCompile Include="WaypointFileManager.cpp">
      <Filter>src\Waypoint</Filter>
    </ClCompile>
    <ClCompile Include="BotVisibles.cpp">
      <Filter>src\Bot\Visibles</Filter>
    </ClCompile>
    <ClCompile Include="BotVisiblesProvider.cpp">
      <Filter>src\Bot\Visibles</Filter>
    </ClCompile>
    <ClCompile Include="IConVarBase.cpp">
      <Filter>src</Filter>
    </ClCompile>
    <ClCompile Include="IGameFramable.cpp">
      <Filter>src</Filter>
    </ClCompile>
    <ClCompile Include="DebugCommands.cpp">
      <Filter>src\TF2</Filter>
    </ClCompile>
    <ClCompile Include="WaypointNodeFlagsProvider.cpp">
      <Filter>src\Waypoint</Filter>
    </ClCompile>
    <ClCompile Include="EntityProvider.cpp">
      <Filter>src\TF2\Entity</Filter>
    </ClCompile>
    <ClCompile Include="TraceFilters.cpp">
      <Filter>src\TF2\Trace</Filter>
    </ClCompile>
    <ClCompile Include="TFClassInfoProvider.cpp">
      <Filter>src\TF2\Class</Filter>
    </ClCompile>
    <ClCompile Include="EntityDataProvider.cpp">
      <Filter>src\TF2\Entity</Filter>
    </ClCompile>
    <ClCompile Include="BotTask.cpp">
      <Filter>src\Bot\Brain\Tasks</Filter>
    </ClCompile>
    <ClCompile Include="ObjectivesProvider.cpp">
      <Filter>src\TF2\Objectives</Filter>
    </ClCompile>
    <ClCompile Include="BotTaskGoto.cpp">
      <Filter>src\Bot\Brain\Tasks</Filter>
    </ClCompile>
    <ClCompile Include="BotBrain.cpp">
      <Filter>src\Bot\Brain</Filter>
    </ClCompile>
    <ClCompile Include="BotBrainDemo.cpp">
      <Filter>src\Bot\Brain</Filter>
    </ClCompile>
    <ClCompile Include="BotBrainEngi.cpp">
      <Filter>src\Bot\Brain</Filter>
    </ClCompile>
    <ClCompile Include="BotBrainHeavy.cpp">
      <Filter>src\Bot\Brain</Filter>
    </ClCompile>
    <ClCompile Include="BotBrainMed.cpp">
      <Filter>src\Bot\Brain</Filter>
    </ClCompile>
    <ClCompile Include="BotBrainPyro.cpp">
      <Filter>src\Bot\Brain</Filter>
    </ClCompile>
    <ClCompile Include="BotBrainScout.cpp">
      <Filter>src\Bot\Brain</Filter>
    </ClCompile>
    <ClCompile Include="BotBrainSniper.cpp">
      <Filter>src\Bot\Brain</Filter>
    </ClCompile>
    <ClCompile Include="BotBrainSoldier.cpp">
      <Filter>src\Bot\Brain</Filter>
    </ClCompile>
    <ClCompile Include="BotBrainSpy.cpp">
      <Filter>src\Bot\Brain</Filter>
    </ClCompile>
    <ClCompile Include="ConVarHolder.cpp">
      <Filter>src</Filter>
    </ClCompile>
    <ClCompile Include="IEventHooker.cpp">
      <Filter>src\TF2\Events</Filter>
    </ClCompile>
    <ClCompile Include="EventHooksProvider.cpp">
      <Filter>src\TF2\Events</Filter>
    </ClCompile>
    <ClCompile Include="BotTaskAggressiveCombat.cpp">
      <Filter>src\Bot\Brain\Tasks</Filter>
    </ClCompile>
    <ClCompile Include="BotTaskMedHealTarget.cpp">
      <Filter>src\Bot\Brain\Tasks</Filter>
    </ClCompile>
    <ClCompile Include="BotTaskSniperSnipe.cpp">
      <Filter>src\Bot\Brain\Tasks</Filter>
    </ClCompile>
    <ClCompile Include="Entity.cpp">
      <Filter>src\TF2\Entity</Filter>
    </ClCompile>
    <ClCompile Include="Player.cpp">
      <Filter>src\TF2\Entity</Filter>
    </ClCompile>
    <ClCompile Include="CTFFlag.cpp">
      <Filter>src\TF2\Entity</Filter>
    </ClCompile>
  </ItemGroup>
  <ItemGroup>
    <ClInclude Include="Util.h">
      <Filter>src</Filter>
    </ClInclude>
    <ClInclude Include="Info.h">
      <Filter>src</Filter>
    </ClInclude>
    <ClInclude Include="Main.h">
      <Filter>src</Filter>
    </ClInclude>
    <ClInclude Include="WaypointFileManager.h">
      <Filter>src\Waypoint</Filter>
    </ClInclude>
    <ClInclude Include="WaypointManager.h">
      <Filter>src\Waypoint</Filter>
    </ClInclude>
    <ClInclude Include="WaypointNode.h">
      <Filter>src\Waypoint</Filter>
    </ClInclude>
    <ClInclude Include="BotVisibles.h">
      <Filter>src\Bot\Visibles</Filter>
    </ClInclude>
    <ClInclude Include="BotVisiblesProvider.h">
      <Filter>src\Bot\Visibles</Filter>
    </ClInclude>
    <ClInclude Include="Bot.h">
      <Filter>src\Bot</Filter>
    </ClInclude>
    <ClInclude Include="BotManager.h">
      <Filter>src\Bot</Filter>
    </ClInclude>
    <ClInclude Include="TFTeam.h">
      <Filter>src\TF2</Filter>
    </ClInclude>
    <ClInclude Include="IConVarBase.h">
      <Filter>src</Filter>
    </ClInclude>
    <ClInclude Include="IGameFramable.h">
      <Filter>src</Filter>
    </ClInclude>
    <ClInclude Include="EntityDataProvider.h">
      <Filter>src\TF2\Entity</Filter>
    </ClInclude>
    <ClInclude Include="WaypointNodeFlagsProvider.h">
      <Filter>src\Waypoint</Filter>
    </ClInclude>
    <ClInclude Include="WaypointNodeFlagTypes.h">
      <Filter>src\Waypoint</Filter>
    </ClInclude>
    <ClInclude Include="EntityProvider.h">
      <Filter>src\TF2\Entity</Filter>
    </ClInclude>
    <ClInclude Include="TraceFilters.h">
      <Filter>src\TF2\Trace</Filter>
    </ClInclude>
    <ClInclude Include="TraceHeaders.h">
      <Filter>src\TF2\Trace</Filter>
    </ClInclude>
    <ClInclude Include="TFClass.h">
      <Filter>src\TF2\Class</Filter>
    </ClInclude>
    <ClInclude Include="TFClassInfoProvider.h">
      <Filter>src\TF2\Class</Filter>
    </ClInclude>
    <ClInclude Include="CTFFlagStatusType.h">
      <Filter>src\TF2\Objectives</Filter>
    </ClInclude>
    <ClInclude Include="BotTask.h">
      <Filter>src\Bot\Brain\Tasks</Filter>
    </ClInclude>
    <ClInclude Include="ObjectivesProvider.h">
      <Filter>src\TF2\Objectives</Filter>
    </ClInclude>
    <ClInclude Include="BotTaskGoto.h">
      <Filter>src\Bot\Brain\Tasks</Filter>
    </ClInclude>
    <ClInclude Include="BotBrain.h">
      <Filter>src\Bot\Brain</Filter>
    </ClInclude>
    <ClInclude Include="BotBrainDemo.h">
      <Filter>src\Bot\Brain</Filter>
    </ClInclude>
    <ClInclude Include="BotBrainEngi.h">
      <Filter>src\Bot\Brain</Filter>
    </ClInclude>
    <ClInclude Include="BotBrainHeavy.h">
      <Filter>src\Bot\Brain</Filter>
    </ClInclude>
    <ClInclude Include="BotBrainMed.h">
      <Filter>src\Bot\Brain</Filter>
    </ClInclude>
    <ClInclude Include="BotBrainPyro.h">
      <Filter>src\Bot\Brain</Filter>
    </ClInclude>
    <ClInclude Include="BotBrainScout.h">
      <Filter>src\Bot\Brain</Filter>
    </ClInclude>
    <ClInclude Include="BotBrainSniper.h">
      <Filter>src\Bot\Brain</Filter>
    </ClInclude>
    <ClInclude Include="BotBrainSoldier.h">
      <Filter>src\Bot\Brain</Filter>
    </ClInclude>
    <ClInclude Include="BotBrainSpy.h">
      <Filter>src\Bot\Brain</Filter>
    </ClInclude>
    <ClInclude Include="WeaponSlot.h">
      <Filter>src\TF2</Filter>
    </ClInclude>
    <ClInclude Include="ConVarHolder.h">
      <Filter>src</Filter>
    </ClInclude>
    <ClInclude Include="IEventHooker.h">
      <Filter>src\TF2\Events</Filter>
    </ClInclude>
    <ClInclude Include="EventHooksProvider.h">
      <Filter>src\TF2\Events</Filter>
    </ClInclude>
    <ClInclude Include="BotTaskAggressiveCombat.h">
      <Filter>src\Bot\Brain\Tasks</Filter>
    </ClInclude>
    <ClInclude Include="BotTaskMedHealTarget.h">
      <Filter>src\Bot\Brain\Tasks</Filter>
    </ClInclude>
    <ClInclude Include="BotTaskSniperSnipe.h">
      <Filter>src\Bot\Brain\Tasks</Filter>
    </ClInclude>
    <ClInclude Include="Entity.h">
      <Filter>src\TF2\Entity</Filter>
    </ClInclude>
    <ClInclude Include="Player.h">
      <Filter>src\TF2\Entity</Filter>
    </ClInclude>
    <ClInclude Include="CTFFlag.h">
      <Filter>src\TF2\Entity</Filter>
    </ClInclude>
  </ItemGroup>
</Project>