<?xml version="1.0" encoding="utf-8"?>
<Project ToolsVersion="4.0" xmlns="http://schemas.microsoft.com/developer/msbuild/2003">
  <ItemGroup>
    <Filter Include="src">
      <UniqueIdentifier>{4FC737F1-C7A5-4376-A066-2A32D752A2FF}</UniqueIdentifier>
      <Extensions>cpp;c;cc;cxx;def;odl;idl;hpj;bat;asm;asmx</Extensions>
    </Filter>
    <Filter Include="src\Bot">
      <UniqueIdentifier>{2d645178-317e-44bd-9e28-5497720c56b9}</UniqueIdentifier>
    </Filter>
    <Filter Include="src\Bot\Task">
      <UniqueIdentifier>{bb1e4772-b98b-41cd-9747-86c102d2097b}</UniqueIdentifier>
    </Filter>
    <Filter Include="src\Bot\Visibles">
      <UniqueIdentifier>{af10c782-3bc1-423c-a235-e6950f8719d7}</UniqueIdentifier>
    </Filter>
    <Filter Include="src\Waypoint">
      <UniqueIdentifier>{7f4cb74e-d589-4efc-989f-f69f8f729627}</UniqueIdentifier>
    </Filter>
    <Filter Include="src\Bot\Task\Tasks">
      <UniqueIdentifier>{929e1436-91b3-4234-9d77-80ec45bc4502}</UniqueIdentifier>
    </Filter>
    <Filter Include="src\Bot\Task\Tasks\Demo">
      <UniqueIdentifier>{945db397-c54d-43db-8774-b3d45d005b36}</UniqueIdentifier>
    </Filter>
    <Filter Include="src\Bot\Task\Tasks\Heavy">
      <UniqueIdentifier>{13c09650-2162-4860-9802-7505a1f5265c}</UniqueIdentifier>
    </Filter>
    <Filter Include="src\Bot\Task\Tasks\Engi">
      <UniqueIdentifier>{02744ce0-4f4d-4fef-8431-9c0b9e86753d}</UniqueIdentifier>
    </Filter>
    <Filter Include="src\Bot\Task\Tasks\Med">
      <UniqueIdentifier>{e9ea1ac9-6344-4336-988e-c2f4518bc798}</UniqueIdentifier>
    </Filter>
    <Filter Include="src\Bot\Task\Tasks\Spy">
      <UniqueIdentifier>{315482ff-d166-49fb-8f0f-ac79a652a562}</UniqueIdentifier>
    </Filter>
    <Filter Include="src\Bot\Task\Tasks\Sniper">
      <UniqueIdentifier>{c88eff61-9274-4ec6-b8b7-15d94af9eff1}</UniqueIdentifier>
    </Filter>
    <Filter Include="src\Bot\Task\Tasks\Pyro">
      <UniqueIdentifier>{b28bfd53-5352-42a2-bc01-e19de29259f4}</UniqueIdentifier>
    </Filter>
    <Filter Include="src\Bot\Task\Tasks\Soldier">
      <UniqueIdentifier>{c7307e81-85a4-4359-bd4d-712cdacfa716}</UniqueIdentifier>
    </Filter>
    <Filter Include="src\Bot\Task\Tasks\Scout">
      <UniqueIdentifier>{c8467509-ec15-40b9-bd6c-389c0a95cdde}</UniqueIdentifier>
    </Filter>
  </ItemGroup>
  <ItemGroup>
    <ClCompile Include="Main.cpp">
      <Filter>src</Filter>
    </ClCompile>
    <ClCompile Include="BotManager.cpp">
      <Filter>src\Bot</Filter>
    </ClCompile>
    <ClCompile Include="Bot.cpp">
      <Filter>src\Bot</Filter>
    </ClCompile>
    <ClCompile Include="TF2Helper.cpp">
      <Filter>src</Filter>
    </ClCompile>
    <ClCompile Include="Util.cpp">
      <Filter>src</Filter>
    </ClCompile>
    <ClCompile Include="WaypointNode.cpp">
      <Filter>src\Waypoint</Filter>
    </ClCompile>
    <ClCompile Include="WaypointManager.cpp">
      <Filter>src\Waypoint</Filter>
    </ClCompile>
    <ClCompile Include="ConVarBase.cpp">
      <Filter>src</Filter>
    </ClCompile>
    <ClCompile Include="GameFramable.cpp">
      <Filter>src</Filter>
    </ClCompile>
    <ClCompile Include="WaypointFileManager.cpp">
      <Filter>src\Waypoint</Filter>
    </ClCompile>
    <ClCompile Include="BotTask.cpp">
      <Filter>src\Bot\Task</Filter>
    </ClCompile>
    <ClCompile Include="BotVisibles.cpp">
      <Filter>src\Bot\Visibles</Filter>
    </ClCompile>
    <ClCompile Include="BotVisiblesProvider.cpp">
      <Filter>src\Bot\Visibles</Filter>
    </ClCompile>
    <ClCompile Include="BotTaskRoamAround.cpp">
      <Filter>src\Bot\Task\Tasks</Filter>
    </ClCompile>
    <ClCompile Include="BotTaskMaster.cpp">
      <Filter>src\Bot\Task</Filter>
    </ClCompile>
  </ItemGroup>
  <ItemGroup>
    <ClInclude Include="Util.h">
      <Filter>src</Filter>
    </ClInclude>
    <ClInclude Include="ConVarBase.h">
      <Filter>src</Filter>
    </ClInclude>
    <ClInclude Include="GameFramable.h">
      <Filter>src</Filter>
    </ClInclude>
    <ClInclude Include="Info.h">
      <Filter>src</Filter>
    </ClInclude>
    <ClInclude Include="Main.h">
      <Filter>src</Filter>
    </ClInclude>
    <ClInclude Include="TF2Helper.h">
      <Filter>src</Filter>
    </ClInclude>
    <ClInclude Include="WaypointFileManager.h">
      <Filter>src\Waypoint</Filter>
    </ClInclude>
    <ClInclude Include="WaypointManager.h">
      <Filter>src\Waypoint</Filter>
    </ClInclude>
    <ClInclude Include="WaypointNode.h">
      <Filter>src\Waypoint</Filter>
    </ClInclude>
    <ClInclude Include="BotTask.h">
      <Filter>src\Bot\Task</Filter>
    </ClInclude>
    <ClInclude Include="BotTaskCollection.h">
      <Filter>src\Bot\Task</Filter>
    </ClInclude>
    <ClInclude Include="BotVisibles.h">
      <Filter>src\Bot\Visibles</Filter>
    </ClInclude>
    <ClInclude Include="BotVisiblesProvider.h">
      <Filter>src\Bot\Visibles</Filter>
    </ClInclude>
    <ClInclude Include="Bot.h">
      <Filter>src\Bot</Filter>
    </ClInclude>
    <ClInclude Include="BotManager.h">
      <Filter>src\Bot</Filter>
    </ClInclude>
    <ClInclude Include="BotTaskFlags.h">
      <Filter>src\Bot\Task</Filter>
    </ClInclude>
    <ClInclude Include="BotTaskRoamAround.h">
      <Filter>src\Bot\Task\Tasks</Filter>
    </ClInclude>
    <ClInclude Include="BotTaskMaster.h">
      <Filter>src\Bot\Task</Filter>
    </ClInclude>
  </ItemGroup>
</Project>